#!/usr/bin/env node
var EOL = require('os').EOL;

var doge =
'░░░░░░░░░▄░░░░░░░░░░░░░░▄ ░░░' + EOL +
'░░░░░░░░▌▒█░░░░░░░░░░░▄▀▒▌░░░' + EOL +
'░░░░░░░░▌▒▒█░░░░░░░░▄▀▒▒▒▐░░░' + EOL +
'░░░░░░░▐▄▀▒▒▀▀▀▀▄▄▄▀▒▒▒▒▒▐░░░' + EOL +
'░░░░░▄▄▀▒░▒▒▒▒▒▒▒▒▒█▒▒▄█▒▐░░░' + EOL +
'░░░▄▀▒▒▒░░░▒▒▒░░░▒▒▒▀██▀▒▌░░░' + EOL +
'░░▐▒▒▒▄▄▒▒▒▒░░░▒▒▒▒▒▒▒▀▄▒▒▌░░' + EOL +
'░░▌░░▌█▀▒▒▒▒▒▄▀█▄▒▒▒▒▒▒▒█▒▐░░' + EOL +
'░▐░░░▒▒▒▒▒▒▒▒▌██▀▒▒░░░▒▒▒▀▄▌░' + EOL +
'░▌░▒▄██▄▒▒▒▒▒▒▒▒▒░░░░░░▒▒▒▒▌░' + EOL +
'▀▒▀▐▄█▄█▌▄░▀▒▒░░░░░░░░░░▒▒▒▐░' + EOL +
'▐▒▒▐▀▐▀▒░▄▄▒▄▒▒▒▒▒▒░▒░▒░▒▒▒▒▌' + EOL +
'▐▒▒▒▀▀▄▄▒▒▒▄▒▒▒▒▒▒▒▒░▒░▒░▒▒▐░' + EOL +
'░▌▒▒▒▒▒▒▀▀▀▒▒▒▒▒▒░▒░▒░▒░▒▒▒▌░' + EOL +
'░▐▒▒▒▒▒▒▒▒▒▒▒▒▒▒░▒░▒░▒▒▄▒▒▐░░' + EOL +
'░░▀▄▒▒▒▒▒▒▒▒▒▒▒░▒░▒░▒▄▒▒▒▒▌░░' + EOL +
'░░░░▀▄▒▒▒▒▒▒▒▒▒▒▄▄▄▀▒▒▒▒▄▀░░░' + EOL +
'░░░░░░▀▄▄▄▄▄▄▀▀▀▒▒▒▒▒▄▄▀░░░░░' + EOL +
'░░░░░░░░░▒▒▒▒▒▒▒▒▒▒▀▀░░░░░░░░' + EOL +
' MUCH DEBUG WOW' + EOL + EOL +
'LOOK HERE GOOD DOGE' + EOL + EOL +
' WOW MANY DATA' + EOL;

console.log(doge);
